
Microsoft Visual Studio Solution File, Format Version 12.00
# Visual Studio Version 16
VisualStudioVersion = 16.0.29728.190
MinimumVisualStudioVersion = 10.0.40219.1
Project("{F184B08F-C81C-45F6-A57F-5ABD9991F28F}") = "Formatting App", "Formatting App\Formatting App.vbproj", "{29411038-5477-4595-9974-C1AC56FDB75F}"
EndProject
Global
	GlobalSection(SolutionConfigurationPlatforms) = preSolution
		Debug|Any CPU = Debug|Any CPU
		Release|Any CPU = Release|Any CPU
	EndGlobalSection
	GlobalSection(ProjectConfigurationPlatforms) = postSolution
		{29411038-5477-4595-9974-C1AC56FDB75F}.Debug|Any CPU.ActiveCfg = Debug|Any CPU
		{29411038-5477-4595-9974-C1AC56FDB75F}.Debug|Any CPU.Build.0 = Debug|Any CPU
		{29411038-5477-4595-9974-C1AC56FDB75F}.Release|Any CPU.ActiveCfg = Release|Any CPU
		{29411038-5477-4595-9974-C1AC56FDB75F}.Release|Any CPU.Build.0 = Release|Any CPU
	EndGlobalSection
	GlobalSection(SolutionProperties) = preSolution
		HideSolutionNode = FALSE
	EndGlobalSection
	GlobalSection(ExtensibilityGlobals) = postSolution
		SolutionGuid = {D53AE38C-3EEE-4494-9BF6-73B9AD26B303}
	EndGlobalSection
EndGlobal
